TerrificCoreBundle f79be6593c6ee9ffd08473ca7e4c28a77e51b8c9
TerrificComposerBundle ac9dec7b35fcb0615ecfa46d04f9dc73cb3242d7
cssmin 189cf2a846885d934396c6ccf79d127730841076
jsmin 6bdb991a6e0fceb24880846c84fcfa9311021eb7
lessphp 4ce20058d651a73702bb9be5d299d0e2eb0687f0
symfony f19e4b51d2a1a38fad9efac3d5de90a6d65431ff
twig v1.8.2
monolog 1.0.2
doctrine-common 2.1.4
doctrine-dbal 2.1.7
doctrine 2.1.7
swiftmailer v4.2.0
assetic v1.0.3
twig-extensions dcdff02fbac1282e6b8f4d0558cc7e9580105688
metadata 1.1.0
SensioFrameworkExtraBundle v2.0.17
JMSSecurityExtraBundle e752f888c51425f71382c056961f10f2be642102
JMSSerializerBundle 00e8f914277f4c0542fcfc4255869b3cdb774f79
SensioDistributionBundle v2.0.17
SensioGeneratorBundle v2.0.17
AsseticBundle 6f15728c1aefa5246caa83730e3dbf70b0d46052
HWIOAuthBundle 8397d4b0dd878bbac4abd60ab22480ce9ca7bb28
Buzz 988bf14201ffbed940f23b42f87302e6adec4c21
SensioBuzzBundle 0754d7dd155efc4f85de60993571b0b6a5aaccb9
